
Microsoft Visual Studio Solution File, Format Version 12.00
# Visual Studio Version 16
VisualStudioVersion = 16.0.29519.181
MinimumVisualStudioVersion = 10.0.40219.1
Project("{9A19103F-16F7-4668-BE54-9A1E7A4F7556}") = "SoundPlayer", "SoundPlayer\SoundPlayer.csproj", "{59C9E731-F9A1-4E9E-B4D2-7A0AFE0C7EC9}"
EndProject
Global
	GlobalSection(SolutionConfigurationPlatforms) = preSolution
		Debug|Any CPU = Debug|Any CPU
		Release|Any CPU = Release|Any CPU
	EndGlobalSection
	GlobalSection(ProjectConfigurationPlatforms) = postSolution
		{59C9E731-F9A1-4E9E-B4D2-7A0AFE0C7EC9}.Debug|Any CPU.ActiveCfg = Debug|Any CPU
		{59C9E731-F9A1-4E9E-B4D2-7A0AFE0C7EC9}.Debug|Any CPU.Build.0 = Debug|Any CPU
		{59C9E731-F9A1-4E9E-B4D2-7A0AFE0C7EC9}.Release|Any CPU.ActiveCfg = Release|Any CPU
		{59C9E731-F9A1-4E9E-B4D2-7A0AFE0C7EC9}.Release|Any CPU.Build.0 = Release|Any CPU
	EndGlobalSection
	GlobalSection(SolutionProperties) = preSolution
		HideSolutionNode = FALSE
	EndGlobalSection
	GlobalSection(ExtensibilityGlobals) = postSolution
		SolutionGuid = {A48A7379-439E-45B8-806D-92B245D5583A}
	EndGlobalSection
EndGlobal
